
Microsoft Visual Studio Solution File, Format Version 12.00
# Visual Studio Version 16
VisualStudioVersion = 16.0.31624.102
MinimumVisualStudioVersion = 10.0.40219.1
Project("{FAE04EC0-301F-11D3-BF4B-00C04F79EFBC}") = "BasicLogicalPrograms", "BasicLogicalPrograms.csproj", "{BC112C9B-7216-4574-8AF7-DC032B0A86B4}"
EndProject
Global
	GlobalSection(SolutionConfigurationPlatforms) = preSolution
		Debug|Any CPU = Debug|Any CPU
		Release|Any CPU = Release|Any CPU
	EndGlobalSection
	GlobalSection(ProjectConfigurationPlatforms) = postSolution
		{BC112C9B-7216-4574-8AF7-DC032B0A86B4}.Debug|Any CPU.ActiveCfg = Debug|Any CPU
		{BC112C9B-7216-4574-8AF7-DC032B0A86B4}.Debug|Any CPU.Build.0 = Debug|Any CPU
		{BC112C9B-7216-4574-8AF7-DC032B0A86B4}.Release|Any CPU.ActiveCfg = Release|Any CPU
		{BC112C9B-7216-4574-8AF7-DC032B0A86B4}.Release|Any CPU.Build.0 = Release|Any CPU
	EndGlobalSection
	GlobalSection(SolutionProperties) = preSolution
		HideSolutionNode = FALSE
	EndGlobalSection
	GlobalSection(ExtensibilityGlobals) = postSolution
		SolutionGuid = {5A3510CB-4173-4AF8-9A67-1225FE33FDEC}
	EndGlobalSection
EndGlobal
